// !$*UTF8*$!
{
	archiveVersion = 1;
	classes = {
	};
	objectVersion = 46;
	objects = {

/* Begin PBXBuildFile section */
		52F77C851CA39E3300E5FDAE /* AppDelegate.swift in Sources */ = {isa = PBXBuildFile; fileRef = 52F77C841CA39E3300E5FDAE /* AppDelegate.swift */; };
		52F77C871CA39E3300E5FDAE /* ViewController.swift in Sources */ = {isa = PBXBuildFile; fileRef = 52F77C861CA39E3300E5FDAE /* ViewController.swift */; };
		52F77C8A1CA39E3300E5FDAE /* Main.storyboard in Resources */ = {isa = PBXBuildFile; fileRef = 52F77C881CA39E3300E5FDAE /* Main.storyboard */; };
		52F77C8C1CA39E3300E5FDAE /* Assets.xcassets in Resources */ = {isa = PBXBuildFile; fileRef = 52F77C8B1CA39E3300E5FDAE /* Assets.xcassets */; };
		52F77C8F1CA39E3300E5FDAE /* LaunchScreen.storyboard in Resources */ = {isa = PBXBuildFile; fileRef = 52F77C8D1CA39E3300E5FDAE /* LaunchScreen.storyboard */; };
		52F77C9A1CA39E3300E5FDAE /* MServicesTests.swift in Sources */ = {isa = PBXBuildFile; fileRef = 52F77C991CA39E3300E5FDAE /* MServicesTests.swift */; };
/* End PBXBuildFile section */

/* Begin PBXContainerItemProxy section */
		52F77C961CA39E3300E5FDAE /* PBXContainerItemProxy */ = {
			isa = PBXContainerItemProxy;
			containerPortal = 52F77C791CA39E3300E5FDAE /* Project object */;
			proxyType = 1;
			remoteGlobalIDString = 52F77C801CA39E3300E5FDAE;
			remoteInfo = MServices;
		};
/* End PBXContainerItemProxy section */

/* Begin PBXFileReference section */
		52F77C811CA39E3300E5FDAE /* MServices.app */ = {isa = PBXFileReference; explicitFileType = wrapper.application; includeInIndex = 0; path = MServices.app; sourceTree = BUILT_PRODUCTS_DIR; };
		52F77C841CA39E3300E5FDAE /* AppDelegate.swift */ = {isa = PBXFileReference; lastKnownFileType = sourcecode.swift; path = AppDelegate.swift; sourceTree = "<group>"; };
		52F77C861CA39E3300E5FDAE /* ViewController.swift */ = {isa = PBXFileReference; lastKnownFileType = sourcecode.swift; path = ViewController.swift; sourceTree = "<group>"; };
		52F77C891CA39E3300E5FDAE /* Base */ = {isa = PBXFileReference; lastKnownFileType = file.storyboard; name = Base; path = Base.lproj/Main.storyboard; sourceTree = "<group>"; };
		52F77C8B1CA39E3300E5FDAE /* Assets.xcassets */ = {isa = PBXFileReference; lastKnownFileType = folder.assetcatalog; path = Assets.xcassets; sourceTree = "<group>"; };
		52F77C8E1CA39E3300E5FDAE /* Base */ = {isa = PBXFileReference; lastKnownFileType = file.storyboard; name = Base; path = Base.lproj/LaunchScreen.storyboard; sourceTree = "<group>"; };
		52F77C901CA39E3300E5FDAE /* Info.plist */ = {isa = PBXFileReference; lastKnownFileType = text.plist.xml; path = Info.plist; sourceTree = "<group>"; };
		52F77C951CA39E3300E5FDAE /* MServicesTests.xctest */ = {isa = PBXFileReference; explicitFileType = wrapper.cfbundle; includeInIndex = 0; path = MServicesTests.xctest; sourceTree = BUILT_PRODUCTS_DIR; };
		52F77C991CA39E3300E5FDAE /* MServicesTests.swift */ = {isa = PBXFileReference; lastKnownFileType = sourcecode.swift; path = MServicesTests.swift; sourceTree = "<group>"; };
		52F77C9B1CA39E3300E5FDAE /* Info.plist */ = {isa = PBXFileReference; lastKnownFileType = text.plist.xml; path = Info.plist; sourceTree = "<group>"; };
/* End PBXFileReference section */

/* Begin PBXFrameworksBuildPhase section */
		52F77C7E1CA39E3300E5FDAE /* Frameworks */ = {
			isa = PBXFrameworksBuildPhase;
			buildActionMask = 2147483647;
			files = (
			);
			runOnlyForDeploymentPostprocessing = 0;
		};
		52F77C921CA39E3300E5FDAE /* Frameworks */ = {
			isa = PBXFrameworksBuildPhase;
			buildActionMask = 2147483647;
			files = (
			);
			runOnlyForDeploymentPostprocessing = 0;
		};
/* End PBXFrameworksBuildPhase section */

/* Begin PBXGroup section */
		52F77C781CA39E3300E5FDAE = {
			isa = PBXGroup;
			children = (
				52F77C831CA39E3300E5FDAE /* MServices */,
				52F77C981CA39E3300E5FDAE /* MServicesTests */,
				52F77C821CA39E3300E5FDAE /* Products */,
			);
			sourceTree = "<group>";
		};
		52F77C821CA39E3300E5FDAE /* Products */ = {
			isa = PBXGroup;
			children = (
				52F77C811CA39E3300E5FDAE /* MServices.app */,
				52F77C951CA39E3300E5FDAE /* MServicesTests.xctest */,
			);
			name = Products;
			sourceTree = "<group>";
		};
		52F77C831CA39E3300E5FDAE /* MServices */ = {
			isa = PBXGroup;
			children = (
				52F77C841CA39E3300E5FDAE /* AppDelegate.swift */,
				52F77C861CA39E3300E5FDAE /* ViewController.swift */,
				52F77C881CA39E3300E5FDAE /* Main.storyboard */,
				52F77C8B1CA39E3300E5FDAE /* Assets.xcassets */,
				52F77C8D1CA39E3300E5FDAE /* LaunchScreen.storyboard */,
				52F77C901CA39E3300E5FDAE /* Info.plist */,
			);
			path = MServices;
			sourceTree = "<group>";
		};
		52F77C981CA39E3300E5FDAE /* MServicesTests */ = {
			isa = PBXGroup;
			children = (
				52F77C991CA39E3300E5FDAE /* MServicesTests.swift */,
				52F77C9B1CA39E3300E5FDAE /* Info.plist */,
			);
			path = MServicesTests;
			sourceTree = "<group>";
		};
/* End PBXGroup section */

/* Begin PBXNativeTarget section */
		52F77C801CA39E3300E5FDAE /* MServices */ = {
			isa = PBXNativeTarget;
			buildConfigurationList = 52F77C9E1CA39E3300E5FDAE /* Build configuration list for PBXNativeTarget "MServices" */;
			buildPhases = (
				52F77C7D1CA39E3300E5FDAE /* Sources */,
				52F77C7E1CA39E3300E5FDAE /* Frameworks */,
				52F77C7F1CA39E3300E5FDAE /* Resources */,
			);
			buildRules = (
			);
			dependencies = (
			);
			name = MServices;
			productName = MServices;
			productReference = 52F77C811CA39E3300E5FDAE /* MServices.app */;
			productType = "com.apple.product-type.application";
		};
		52F77C941CA39E3300E5FDAE /* MServicesTests */ = {
			isa = PBXNativeTarget;
			buildConfigurationList = 52F77CA11CA39E3300E5FDAE /* Build configuration list for PBXNativeTarget "MServicesTests" */;
			buildPhases = (
				52F77C911CA39E3300E5FDAE /* Sources */,
				52F77C921CA39E3300E5FDAE /* Frameworks */,
				52F77C931CA39E3300E5FDAE /* Resources */,
			);
			buildRules = (
			);
			dependencies = (
				52F77C971CA39E3300E5FDAE /* PBXTargetDependency */,
			);
			name = MServicesTests;
			productName = MServicesTests;
			productReference = 52F77C951CA39E3300E5FDAE /* MServicesTests.xctest */;
			productType = "com.apple.product-type.bundle.unit-test";
		};
/* End PBXNativeTarget section */

/* Begin PBXProject section */
		52F77C791CA39E3300E5FDAE /* Project object */ = {
			isa = PBXProject;
			attributes = {
				LastSwiftUpdateCheck = 0720;
				LastUpgradeCheck = 0720;
				ORGANIZATIONNAME = LTC;
				TargetAttributes = {
					52F77C801CA39E3300E5FDAE = {
						CreatedOnToolsVersion = 7.2.1;
					};
					52F77C941CA39E3300E5FDAE = {
						CreatedOnToolsVersion = 7.2.1;
						TestTargetID = 52F77C801CA39E3300E5FDAE;
					};
				};
			};
			buildConfigurationList = 52F77C7C1CA39E3300E5FDAE /* Build configuration list for PBXProject "MServices" */;
			compatibilityVersion = "Xcode 3.2";
			developmentRegion = English;
			hasScannedForEncodings = 0;
			knownRegions = (
				en,
				Base,
			);
			mainGroup = 52F77C781CA39E3300E5FDAE;
			productRefGroup = 52F77C821CA39E3300E5FDAE /* Products */;
			projectDirPath = "";
			projectRoot = "";
			targets = (
				52F77C801CA39E3300E5FDAE /* MServices */,
				52F77C941CA39E3300E5FDAE /* MServicesTests */,
			);
		};
/* End PBXProject section */

/* Begin PBXResourcesBuildPhase section */
		52F77C7F1CA39E3300E5FDAE /* Resources */ = {
			isa = PBXResourcesBuildPhase;
			buildActionMask = 2147483647;
			files = (
				52F77C8F1CA39E3300E5FDAE /* LaunchScreen.storyboard in Resources */,
				52F77C8C1CA39E3300E5FDAE /* Assets.xcassets in Resources */,
				52F77C8A1CA39E3300E5FDAE /* Main.storyboard in Resources */,
			);
			runOnlyForDeploymentPostprocessing = 0;
		};
		52F77C931CA39E3300E5FDAE /* Resources */ = {
			isa = PBXResourcesBuildPhase;
			buildActionMask = 2147483647;
			files = (
			);
			runOnlyForDeploymentPostprocessing = 0;
		};
/* End PBXResourcesBuildPhase section */

/* Begin PBXSourcesBuildPhase section */
		52F77C7D1CA39E3300E5FDAE /* Sources */ = {
			isa = PBXSourcesBuildPhase;
			buildActionMask = 2147483647;
			files = (
				52F77C871CA39E3300E5FDAE /* ViewController.swift in Sources */,
				52F77C851CA39E3300E5FDAE /* AppDelegate.swift in Sources */,
			);
			runOnlyForDeploymentPostprocessing = 0;
		};
		52F77C911CA39E3300E5FDAE /* Sources */ = {
			isa = PBXSourcesBuildPhase;
			buildActionMask = 2147483647;
			files = (
				52F77C9A1CA39E3300E5FDAE /* MServicesTests.swift in Sources */,
			);
			runOnlyForDeploymentPostprocessing = 0;
		};
/* End PBXSourcesBuildPhase section */

/* Begin PBXTargetDependency section */
		52F77C971CA39E3300E5FDAE /* PBXTargetDependency */ = {
			isa = PBXTargetDependency;
			target = 52F77C801CA39E3300E5FDAE /* MServices */;
			targetProxy = 52F77C961CA39E3300E5FDAE /* PBXContainerItemProxy */;
		};
/* End PBXTargetDependency section */

/* Begin PBXVariantGroup section */
		52F77C881CA39E3300E5FDAE /* Main.storyboard */ = {
			isa = PBXVariantGroup;
			children = (
				52F77C891CA39E3300E5FDAE /* Base */,
			);
			name = Main.storyboard;
			sourceTree = "<group>";
		};
		52F77C8D1CA39E3300E5FDAE /* LaunchScreen.storyboard */ = {
			isa = PBXVariantGroup;
			children = (
				52F77C8E1CA39E3300E5FDAE /* Base */,
			);
			name = LaunchScreen.storyboard;
			sourceTree = "<group>";
		};
/* End PBXVariantGroup section */

/* Begin XCBuildConfiguration section */
		52F77C9C1CA39E3300E5FDAE /* Debug */ = {
			isa = XCBuildConfiguration;
			buildSettings = {
				ALWAYS_SEARCH_USER_PATHS = NO;
				CLANG_CXX_LANGUAGE_STANDARD = "gnu++0x";
				CLANG_CXX_LIBRARY = "libc++";
				CLANG_ENABLE_MODULES = YES;
				CLANG_ENABLE_OBJC_ARC = YES;
				CLANG_WARN_BOOL_CONVERSION = YES;
				CLANG_WARN_CONSTANT_CONVERSION = YES;
				CLANG_WARN_DIRECT_OBJC_ISA_USAGE = YES_ERROR;
				CLANG_WARN_EMPTY_BODY = YES;
				CLANG_WARN_ENUM_CONVERSION = YES;
				CLANG_WARN_INT_CONVERSION = YES;
				CLANG_WARN_OBJC_ROOT_CLASS = YES_ERROR;
				CLANG_WARN_UNREACHABLE_CODE = YES;
				CLANG_WARN__DUPLICATE_METHOD_MATCH = YES;
				"CODE_SIGN_IDENTITY[sdk=iphoneos*]" = "iPhone Developer";
				COPY_PHASE_STRIP = NO;
				DEBUG_INFORMATION_FORMAT = dwarf;
				ENABLE_STRICT_OBJC_MSGSEND = YES;
				ENABLE_TESTABILITY = YES;
				GCC_C_LANGUAGE_STANDARD = gnu99;
				GCC_DYNAMIC_NO_PIC = NO;
				GCC_NO_COMMON_BLOCKS = YES;
				GCC_OPTIMIZATION_LEVEL = 0;
				GCC_PREPROCESSOR_DEFINITIONS = (
					"DEBUG=1",
					"$(inherited)",
				);
				GCC_WARN_64_TO_32_BIT_CONVERSION = YES;
				GCC_WARN_ABOUT_RETURN_TYPE = YES_ERROR;
				GCC_WARN_UNDECLARED_SELECTOR = YES;
				GCC_WARN_UNINITIALIZED_AUTOS = YES_AGGRESSIVE;
				GCC_WARN_UNUSED_FUNCTION = YES;
				GCC_WARN_UNUSED_VARIABLE = YES;
				IPHONEOS_DEPLOYMENT_TARGET = 9.2;
				MTL_ENABLE_DEBUG_INFO = YES;
				ONLY_ACTIVE_ARCH = YES;
				SDKROOT = iphoneos;
				SWIFT_OPTIMIZATION_LEVEL = "-Onone";
				TARGETED_DEVICE_FAMILY = "1,2";
			};
			name = Debug;
		};
		52F77C9D1CA39E3300E5FDAE /* Release */ = {
			isa = XCBuildConfiguration;
			buildSettings = {
				ALWAYS_SEARCH_USER_PATHS = NO;
				CLANG_CXX_LANGUAGE_STANDARD = "gnu++0x";
				CLANG_CXX_LIBRARY = "libc++";
				CLANG_ENABLE_MODULES = YES;
				CLANG_ENABLE_OBJC_ARC = YES;
				CLANG_WARN_BOOL_CONVERSION = YES;
				CLANG_WARN_CONSTANT_CONVERSION = YES;
				CLANG_WARN_DIRECT_OBJC_ISA_USAGE = YES_ERROR;
				CLANG_WARN_EMPTY_BODY = YES;
				CLANG_WARN_ENUM_CONVERSION = YES;
				CLANG_WARN_INT_CONVERSION = YES;
				CLANG_WARN_OBJC_ROOT_CLASS = YES_ERROR;
				CLANG_WARN_UNREACHABLE_CODE = YES;
				CLANG_WARN__DUPLICATE_METHOD_MATCH = YES;
				"CODE_SIGN_IDENTITY[sdk=iphoneos*]" = "iPhone Developer";
				COPY_PHASE_STRIP = NO;
				DEBUG_INFORMATION_FORMAT = "dwarf-with-dsym";
				ENABLE_NS_ASSERTIONS = NO;
				ENABLE_STRICT_OBJC_MSGSEND = YES;
				GCC_C_LANGUAGE_STANDARD = gnu99;
				GCC_NO_COMMON_BLOCKS = YES;
				GCC_WARN_64_TO_32_BIT_CONVERSION = YES;
				GCC_WARN_ABOUT_RETURN_TYPE = YES_ERROR;
				GCC_WARN_UNDECLARED_SELECTOR = YES;
				GCC_WARN_UNINITIALIZED_AUTOS = YES_AGGRESSIVE;
				GCC_WARN_UNUSED_FUNCTION = YES;
				GCC_WARN_UNUSED_VARIABLE = YES;
				IPHONEOS_DEPLOYMENT_TARGET = 9.2;
				MTL_ENABLE_DEBUG_INFO = NO;
				SDKROOT = iphoneos;
				TARGETED_DEVICE_FAMILY = "1,2";
				VALIDATE_PRODUCT = YES;
			};
			name = Release;
		};
		52F77C9F1CA39E3300E5FDAE /* Debug */ = {
			isa = XCBuildConfiguration;
			buildSettings = {
				ASSETCATALOG_COMPILER_APPICON_NAME = AppIcon;
				INFOPLIST_FILE = MServices/Info.plist;
				LD_RUNPATH_SEARCH_PATHS = "$(inherited) @executable_path/Frameworks";
				PRODUCT_BUNDLE_IDENTIFIER = "LTC.M-Services";
				PRODUCT_NAME = "$(TARGET_NAME)";
			};
			name = Debug;
		};
		52F77CA01CA39E3300E5FDAE /* Release */ = {
			isa = XCBuildConfiguration;
			buildSettings = {
				ASSETCATALOG_COMPILER_APPICON_NAME = AppIcon;
				INFOPLIST_FILE = MServices/Info.plist;
				LD_RUNPATH_SEARCH_PATHS = "$(inherited) @executable_path/Frameworks";
				PRODUCT_BUNDLE_IDENTIFIER = "LTC.M-Services";
				PRODUCT_NAME = "$(TARGET_NAME)";
			};
			name = Release;
		};
		52F77CA21CA39E3300E5FDAE /* Debug */ = {
			isa = XCBuildConfiguration;
			buildSettings = {
				BUNDLE_LOADER = "$(TEST_HOST)";
				INFOPLIST_FILE = MServicesTests/Info.plist;
				LD_RUNPATH_SEARCH_PATHS = "$(inherited) @executable_path/Frameworks @loader_path/Frameworks";
				PRODUCT_BUNDLE_IDENTIFIER = LTC.MServicesTests;
				PRODUCT_NAME = "$(TARGET_NAME)";
				TEST_HOST = "$(BUILT_PRODUCTS_DIR)/MServices.app/MServices";
			};
			name = Debug;
		};
		52F77CA31CA39E3300E5FDAE /* Release */ = {
			isa = XCBuildConfiguration;
			buildSettings = {
				BUNDLE_LOADER = "$(TEST_HOST)";
				INFOPLIST_FILE = MServicesTests/Info.plist;
				LD_RUNPATH_SEARCH_PATHS = "$(inherited) @executable_path/Frameworks @loader_path/Frameworks";
				PRODUCT_BUNDLE_IDENTIFIER = LTC.MServicesTests;
				PRODUCT_NAME = "$(TARGET_NAME)";
				TEST_HOST = "$(BUILT_PRODUCTS_DIR)/MServices.app/MServices";
			};
			name = Release;
		};
/* End XCBuildConfiguration section */

/* Begin XCConfigurationList section */
		52F77C7C1CA39E3300E5FDAE /* Build configuration list for PBXProject "MServices" */ = {
			isa = XCConfigurationList;
			buildConfigurations = (
				52F77C9C1CA39E3300E5FDAE /* Debug */,
				52F77C9D1CA39E3300E5FDAE /* Release */,
			);
			defaultConfigurationIsVisible = 0;
			defaultConfigurationName = Release;
		};
		52F77C9E1CA39E3300E5FDAE /* Build configuration list for PBXNativeTarget "MServices" */ = {
			isa = XCConfigurationList;
			buildConfigurations = (
				52F77C9F1CA39E3300E5FDAE /* Debug */,
				52F77CA01CA39E3300E5FDAE /* Release */,
			);
			defaultConfigurationIsVisible = 0;
		};
		52F77CA11CA39E3300E5FDAE /* Build configuration list for PBXNativeTarget "MServicesTests" */ = {
			isa = XCConfigurationList;
			buildConfigurations = (
				52F77CA21CA39E3300E5FDAE /* Debug */,
				52F77CA31CA39E3300E5FDAE /* Release */,
			);
			defaultConfigurationIsVisible = 0;
		};
/* End XCConfigurationList section */
	};
	rootObject = 52F77C791CA39E3300E5FDAE /* Project object */;
}
